
Microsoft Visual Studio Solution File, Format Version 12.00
# Visual Studio Version 17
VisualStudioVersion = 17.0.32014.148
MinimumVisualStudioVersion = 10.0.40219.1
Project("{9A19103F-16F7-4668-BE54-9A1E7A4F7556}") = "GenericsHomework", "GenericsHomework\GenericsHomework.csproj", "{5DAB4D84-FBA3-4439-82F6-535A2D6EA1C3}"
EndProject
Project("{9A19103F-16F7-4668-BE54-9A1E7A4F7556}") = "GenericsHomeworkTests", "GenericsHomeworkTests\GenericsHomeworkTests.csproj", "{B1E79C34-FC16-46E3-89C5-DB45ED706B42}"
	ProjectSection(ProjectDependencies) = postProject
		{5DAB4D84-FBA3-4439-82F6-535A2D6EA1C3} = {5DAB4D84-FBA3-4439-82F6-535A2D6EA1C3}
	EndProjectSection
EndProject
Global
	GlobalSection(SolutionConfigurationPlatforms) = preSolution
		Debug|Any CPU = Debug|Any CPU
		Release|Any CPU = Release|Any CPU
	EndGlobalSection
	GlobalSection(ProjectConfigurationPlatforms) = postSolution
		{5DAB4D84-FBA3-4439-82F6-535A2D6EA1C3}.Debug|Any CPU.ActiveCfg = Debug|Any CPU
		{5DAB4D84-FBA3-4439-82F6-535A2D6EA1C3}.Debug|Any CPU.Build.0 = Debug|Any CPU
		{5DAB4D84-FBA3-4439-82F6-535A2D6EA1C3}.Release|Any CPU.ActiveCfg = Release|Any CPU
		{5DAB4D84-FBA3-4439-82F6-535A2D6EA1C3}.Release|Any CPU.Build.0 = Release|Any CPU
		{B1E79C34-FC16-46E3-89C5-DB45ED706B42}.Debug|Any CPU.ActiveCfg = Debug|Any CPU
		{B1E79C34-FC16-46E3-89C5-DB45ED706B42}.Debug|Any CPU.Build.0 = Debug|Any CPU
		{B1E79C34-FC16-46E3-89C5-DB45ED706B42}.Release|Any CPU.ActiveCfg = Release|Any CPU
		{B1E79C34-FC16-46E3-89C5-DB45ED706B42}.Release|Any CPU.Build.0 = Release|Any CPU
	EndGlobalSection
	GlobalSection(SolutionProperties) = preSolution
		HideSolutionNode = FALSE
	EndGlobalSection
	GlobalSection(ExtensibilityGlobals) = postSolution
		SolutionGuid = {EDD875F6-CEFF-4086-AF02-4579E0357AE0}
	EndGlobalSection
EndGlobal
